
Microsoft Visual Studio Solution File, Format Version 12.00
# Visual Studio Version 17
VisualStudioVersion = 17.1.32319.34
MinimumVisualStudioVersion = 10.0.40219.1
Project("{FAE04EC0-301F-11D3-BF4B-00C04F79EFBC}") = "SingleResponsibilityPrinciple", "SingleResponsibilityPrinciple\SingleResponsibilityPrinciple.csproj", "{E506C479-2612-499D-8B62-C452D475488A}"
EndProject
Project("{FAE04EC0-301F-11D3-BF4B-00C04F79EFBC}") = "OpenClosedPrinciple", "OpenClosedPrinciple\OpenClosedPrinciple.csproj", "{B5E9E228-B74B-41EC-A48C-B9CB5675B63A}"
EndProject
Project("{FAE04EC0-301F-11D3-BF4B-00C04F79EFBC}") = "InterfaceSegregationPrinciple", "InterfaceSegregationPrinciple\InterfaceSegregationPrinciple.csproj", "{A03D3915-082A-47AA-BFFB-BB37840FB788}"
EndProject
Project("{FAE04EC0-301F-11D3-BF4B-00C04F79EFBC}") = "DependencyInversionPrinciple", "DependencyInversionPrinciple\DependencyInversionPrinciple.csproj", "{308289CD-3E64-4736-B2CA-5D2E58C05901}"
EndProject
Project("{FAE04EC0-301F-11D3-BF4B-00C04F79EFBC}") = "LiskovSubstitutionPrinciple", "LiskovSubstitutionPrinciple\LiskovSubstitutionPrinciple.csproj", "{745431A8-68CA-48D2-AA4A-2CE66CAB2EA3}"
EndProject
Global
	GlobalSection(SolutionConfigurationPlatforms) = preSolution
		Debug|Any CPU = Debug|Any CPU
		Release|Any CPU = Release|Any CPU
	EndGlobalSection
	GlobalSection(ProjectConfigurationPlatforms) = postSolution
		{E506C479-2612-499D-8B62-C452D475488A}.Debug|Any CPU.ActiveCfg = Debug|Any CPU
		{E506C479-2612-499D-8B62-C452D475488A}.Debug|Any CPU.Build.0 = Debug|Any CPU
		{E506C479-2612-499D-8B62-C452D475488A}.Release|Any CPU.ActiveCfg = Release|Any CPU
		{E506C479-2612-499D-8B62-C452D475488A}.Release|Any CPU.Build.0 = Release|Any CPU
		{B5E9E228-B74B-41EC-A48C-B9CB5675B63A}.Debug|Any CPU.ActiveCfg = Debug|Any CPU
		{B5E9E228-B74B-41EC-A48C-B9CB5675B63A}.Debug|Any CPU.Build.0 = Debug|Any CPU
		{B5E9E228-B74B-41EC-A48C-B9CB5675B63A}.Release|Any CPU.ActiveCfg = Release|Any CPU
		{B5E9E228-B74B-41EC-A48C-B9CB5675B63A}.Release|Any CPU.Build.0 = Release|Any CPU
		{A03D3915-082A-47AA-BFFB-BB37840FB788}.Debug|Any CPU.ActiveCfg = Debug|Any CPU
		{A03D3915-082A-47AA-BFFB-BB37840FB788}.Debug|Any CPU.Build.0 = Debug|Any CPU
		{A03D3915-082A-47AA-BFFB-BB37840FB788}.Release|Any CPU.ActiveCfg = Release|Any CPU
		{A03D3915-082A-47AA-BFFB-BB37840FB788}.Release|Any CPU.Build.0 = Release|Any CPU
		{308289CD-3E64-4736-B2CA-5D2E58C05901}.Debug|Any CPU.ActiveCfg = Debug|Any CPU
		{308289CD-3E64-4736-B2CA-5D2E58C05901}.Debug|Any CPU.Build.0 = Debug|Any CPU
		{308289CD-3E64-4736-B2CA-5D2E58C05901}.Release|Any CPU.ActiveCfg = Release|Any CPU
		{308289CD-3E64-4736-B2CA-5D2E58C05901}.Release|Any CPU.Build.0 = Release|Any CPU
		{745431A8-68CA-48D2-AA4A-2CE66CAB2EA3}.Debug|Any CPU.ActiveCfg = Debug|Any CPU
		{745431A8-68CA-48D2-AA4A-2CE66CAB2EA3}.Debug|Any CPU.Build.0 = Debug|Any CPU
		{745431A8-68CA-48D2-AA4A-2CE66CAB2EA3}.Release|Any CPU.ActiveCfg = Release|Any CPU
		{745431A8-68CA-48D2-AA4A-2CE66CAB2EA3}.Release|Any CPU.Build.0 = Release|Any CPU
	EndGlobalSection
	GlobalSection(SolutionProperties) = preSolution
		HideSolutionNode = FALSE
	EndGlobalSection
	GlobalSection(ExtensibilityGlobals) = postSolution
		SolutionGuid = {EEC38E8F-02EF-42C6-8CA5-AF1BA68B1D2E}
	EndGlobalSection
EndGlobal
